
Microsoft Visual Studio Solution File, Format Version 12.00
# Visual Studio Version 17
VisualStudioVersion = 17.14.36616.10 d17.14
MinimumVisualStudioVersion = 10.0.40219.1
Project("{FAE04EC0-301F-11D3-BF4B-00C04F79EFBC}") = "AUTOCLIKER", "AUTOCLIKER\AUTOCLIKER.csproj", "{A759D6EB-8103-4BB2-828E-848F698E7959}"
EndProject
Global
	GlobalSection(SolutionConfigurationPlatforms) = preSolution
		Debug|Any CPU = Debug|Any CPU
		Release|Any CPU = Release|Any CPU
	EndGlobalSection
	GlobalSection(ProjectConfigurationPlatforms) = postSolution
		{A759D6EB-8103-4BB2-828E-848F698E7959}.Debug|Any CPU.ActiveCfg = Debug|Any CPU
		{A759D6EB-8103-4BB2-828E-848F698E7959}.Debug|Any CPU.Build.0 = Debug|Any CPU
		{A759D6EB-8103-4BB2-828E-848F698E7959}.Release|Any CPU.ActiveCfg = Release|Any CPU
		{A759D6EB-8103-4BB2-828E-848F698E7959}.Release|Any CPU.Build.0 = Release|Any CPU
	EndGlobalSection
	GlobalSection(SolutionProperties) = preSolution
		HideSolutionNode = FALSE
	EndGlobalSection
	GlobalSection(ExtensibilityGlobals) = postSolution
		SolutionGuid = {29C82704-15EF-4C79-A500-F3C7C5497123}
	EndGlobalSection
EndGlobal
